// !$*UTF8*$!
{
	archiveVersion = 1;
	classes = {
	};
	objectVersion = 77;
	objects = {

/* Begin PBXContainerItemProxy section */
		BCBF8F6B2DA5760C001428B3 /* PBXContainerItemProxy */ = {
			isa = PBXContainerItemProxy;
			containerPortal = BCBF8F522DA5760B001428B3 /* Project object */;
			proxyType = 1;
			remoteGlobalIDString = BCBF8F592DA5760B001428B3;
			remoteInfo = Image_tutorial;
		};
		BCBF8F752DA5760C001428B3 /* PBXContainerItemProxy */ = {
			isa = PBXContainerItemProxy;
			containerPortal = BCBF8F522DA5760B001428B3 /* Project object */;
			proxyType = 1;
			remoteGlobalIDString = BCBF8F592DA5760B001428B3;
			remoteInfo = Image_tutorial;
		};
/* End PBXContainerItemProxy section */

/* Begin PBXFileReference section */
		BCBF8F5A2DA5760B001428B3 /* Image_tutorial.app */ = {isa = PBXFileReference; explicitFileType = wrapper.application; includeInIndex = 0; path = Image_tutorial.app; sourceTree = BUILT_PRODUCTS_DIR; };
		BCBF8F6A2DA5760C001428B3 /* Image_tutorialTests.xctest */ = {isa = PBXFileReference; explicitFileType = wrapper.cfbundle; includeInIndex = 0; path = Image_tutorialTests.xctest; sourceTree = BUILT_PRODUCTS_DIR; };
		BCBF8F742DA5760C001428B3 /* Image_tutorialUITests.xctest */ = {isa = PBXFileReference; explicitFileType = wrapper.cfbundle; includeInIndex = 0; path = Image_tutorialUITests.xctest; sourceTree = BUILT_PRODUCTS_DIR; };
/* End PBXFileReference section */

/* Begin PBXFileSystemSynchronizedRootGroup section */
		BCBF8F5C2DA5760B001428B3 /* Image_tutorial */ = {
			isa = PBXFileSystemSynchronizedRootGroup;
			path = Image_tutorial;
			sourceTree = "<group>";
		};
		BCBF8F6D2DA5760C001428B3 /* Image_tutorialTests */ = {
			isa = PBXFileSystemSynchronizedRootGroup;
			path = Image_tutorialTests;
			sourceTree = "<group>";
		};
		BCBF8F772DA5760C001428B3 /* Image_tutorialUITests */ = {
			isa = PBXFileSystemSynchronizedRootGroup;
			path = Image_tutorialUITests;
			sourceTree = "<group>";
		};
/* End PBXFileSystemSynchronizedRootGroup section */

/* Begin PBXFrameworksBuildPhase section */
		BCBF8F572DA5760B001428B3 /* Frameworks */ = {
			isa = PBXFrameworksBuildPhase;
			buildActionMask = 2147483647;
			files = (
			);
			runOnlyForDeploymentPostprocessing = 0;
		};
		BCBF8F672DA5760C001428B3 /* Frameworks */ = {
			isa = PBXFrameworksBuildPhase;
			buildActionMask = 2147483647;
			files = (
			);
			runOnlyForDeploymentPostprocessing = 0;
		};
		BCBF8F712DA5760C001428B3 /* Frameworks */ = {
			isa = PBXFrameworksBuildPhase;
			buildActionMask = 2147483647;
			files = (
			);
			runOnlyForDeploymentPostprocessing = 0;
		};
/* End PBXFrameworksBuildPhase section */

/* Begin PBXGroup section */
		BCBF8F512DA5760B001428B3 = {
			isa = PBXGroup;
			children = (
				BCBF8F5C2DA5760B001428B3 /* Image_tutorial */,
				BCBF8F6D2DA5760C001428B3 /* Image_tutorialTests */,
				BCBF8F772DA5760C001428B3 /* Image_tutorialUITests */,
				BCBF8F5B2DA5760B001428B3 /* Products */,
			);
			sourceTree = "<group>";
		};
		BCBF8F5B2DA5760B001428B3 /* Products */ = {
			isa = PBXGroup;
			children = (
				BCBF8F5A2DA5760B001428B3 /* Image_tutorial.app */,
				BCBF8F6A2DA5760C001428B3 /* Image_tutorialTests.xctest */,
				BCBF8F742DA5760C001428B3 /* Image_tutorialUITests.xctest */,
			);
			name = Products;
			sourceTree = "<group>";
		};
/* End PBXGroup section */

/* Begin PBXNativeTarget section */
		BCBF8F592DA5760B001428B3 /* Image_tutorial */ = {
			isa = PBXNativeTarget;
			buildConfigurationList = BCBF8F7E2DA5760C001428B3 /* Build configuration list for PBXNativeTarget "Image_tutorial" */;
			buildPhases = (
				BCBF8F562DA5760B001428B3 /* Sources */,
				BCBF8F572DA5760B001428B3 /* Frameworks */,
				BCBF8F582DA5760B001428B3 /* Resources */,
			);
			buildRules = (
			);
			dependencies = (
			);
			fileSystemSynchronizedGroups = (
				BCBF8F5C2DA5760B001428B3 /* Image_tutorial */,
			);
			name = Image_tutorial;
			packageProductDependencies = (
			);
			productName = Image_tutorial;
			productReference = BCBF8F5A2DA5760B001428B3 /* Image_tutorial.app */;
			productType = "com.apple.product-type.application";
		};
		BCBF8F692DA5760C001428B3 /* Image_tutorialTests */ = {
			isa = PBXNativeTarget;
			buildConfigurationList = BCBF8F812DA5760C001428B3 /* Build configuration list for PBXNativeTarget "Image_tutorialTests" */;
			buildPhases = (
				BCBF8F662DA5760C001428B3 /* Sources */,
				BCBF8F672DA5760C001428B3 /* Frameworks */,
				BCBF8F682DA5760C001428B3 /* Resources */,
			);
			buildRules = (
			);
			dependencies = (
				BCBF8F6C2DA5760C001428B3 /* PBXTargetDependency */,
			);
			fileSystemSynchronizedGroups = (
				BCBF8F6D2DA5760C001428B3 /* Image_tutorialTests */,
			);
			name = Image_tutorialTests;
			packageProductDependencies = (
			);
			productName = Image_tutorialTests;
			productReference = BCBF8F6A2DA5760C001428B3 /* Image_tutorialTests.xctest */;
			productType = "com.apple.product-type.bundle.unit-test";
		};
		BCBF8F732DA5760C001428B3 /* Image_tutorialUITests */ = {
			isa = PBXNativeTarget;
			buildConfigurationList = BCBF8F842DA5760C001428B3 /* Build configuration list for PBXNativeTarget "Image_tutorialUITests" */;
			buildPhases = (
				BCBF8F702DA5760C001428B3 /* Sources */,
				BCBF8F712DA5760C001428B3 /* Frameworks */,
				BCBF8F722DA5760C001428B3 /* Resources */,
			);
			buildRules = (
			);
			dependencies = (
				BCBF8F762DA5760C001428B3 /* PBXTargetDependency */,
			);
			fileSystemSynchronizedGroups = (
				BCBF8F772DA5760C001428B3 /* Image_tutorialUITests */,
			);
			name = Image_tutorialUITests;
			packageProductDependencies = (
			);
			productName = Image_tutorialUITests;
			productReference = BCBF8F742DA5760C001428B3 /* Image_tutorialUITests.xctest */;
			productType = "com.apple.product-type.bundle.ui-testing";
		};
/* End PBXNativeTarget section */

/* Begin PBXProject section */
		BCBF8F522DA5760B001428B3 /* Project object */ = {
			isa = PBXProject;
			attributes = {
				BuildIndependentTargetsInParallel = 1;
				LastSwiftUpdateCheck = 1620;
				LastUpgradeCheck = 1620;
				TargetAttributes = {
					BCBF8F592DA5760B001428B3 = {
						CreatedOnToolsVersion = 16.2;
					};
					BCBF8F692DA5760C001428B3 = {
						CreatedOnToolsVersion = 16.2;
						TestTargetID = BCBF8F592DA5760B001428B3;
					};
					BCBF8F732DA5760C001428B3 = {
						CreatedOnToolsVersion = 16.2;
						TestTargetID = BCBF8F592DA5760B001428B3;
					};
				};
			};
			buildConfigurationList = BCBF8F552DA5760B001428B3 /* Build configuration list for PBXProject "Image_tutorial" */;
			developmentRegion = en;
			hasScannedForEncodings = 0;
			knownRegions = (
				en,
				Base,
			);
			mainGroup = BCBF8F512DA5760B001428B3;
			minimizedProjectReferenceProxies = 1;
			preferredProjectObjectVersion = 77;
			productRefGroup = BCBF8F5B2DA5760B001428B3 /* Products */;
			projectDirPath = "";
			projectRoot = "";
			targets = (
				BCBF8F592DA5760B001428B3 /* Image_tutorial */,
				BCBF8F692DA5760C001428B3 /* Image_tutorialTests */,
				BCBF8F732DA5760C001428B3 /* Image_tutorialUITests */,
			);
		};
/* End PBXProject section */

/* Begin PBXResourcesBuildPhase section */
		BCBF8F582DA5760B001428B3 /* Resources */ = {
			isa = PBXResourcesBuildPhase;
			buildActionMask = 2147483647;
			files = (
			);
			runOnlyForDeploymentPostprocessing = 0;
		};
		BCBF8F682DA5760C001428B3 /* Resources */ = {
			isa = PBXResourcesBuildPhase;
			buildActionMask = 2147483647;
			files = (
			);
			runOnlyForDeploymentPostprocessing = 0;
		};
		BCBF8F722DA5760C001428B3 /* Resources */ = {
			isa = PBXResourcesBuildPhase;
			buildActionMask = 2147483647;
			files = (
			);
			runOnlyForDeploymentPostprocessing = 0;
		};
/* End PBXResourcesBuildPhase section */

/* Begin PBXSourcesBuildPhase section */
		BCBF8F562DA5760B001428B3 /* Sources */ = {
			isa = PBXSourcesBuildPhase;
			buildActionMask = 2147483647;
			files = (
			);
			runOnlyForDeploymentPostprocessing = 0;
		};
		BCBF8F662DA5760C001428B3 /* Sources */ = {
			isa = PBXSourcesBuildPhase;
			buildActionMask = 2147483647;
			files = (
			);
			runOnlyForDeploymentPostprocessing = 0;
		};
		BCBF8F702DA5760C001428B3 /* Sources */ = {
			isa = PBXSourcesBuildPhase;
			buildActionMask = 2147483647;
			files = (
			);
			runOnlyForDeploymentPostprocessing = 0;
		};
/* End PBXSourcesBuildPhase section */

/* Begin PBXTargetDependency section */
		BCBF8F6C2DA5760C001428B3 /* PBXTargetDependency */ = {
			isa = PBXTargetDependency;
			target = BCBF8F592DA5760B001428B3 /* Image_tutorial */;
			targetProxy = BCBF8F6B2DA5760C001428B3 /* PBXContainerItemProxy */;
		};
		BCBF8F762DA5760C001428B3 /* PBXTargetDependency */ = {
			isa = PBXTargetDependency;
			target = BCBF8F592DA5760B001428B3 /* Image_tutorial */;
			targetProxy = BCBF8F752DA5760C001428B3 /* PBXContainerItemProxy */;
		};
/* End PBXTargetDependency section */

/* Begin XCBuildConfiguration section */
		BCBF8F7C2DA5760C001428B3 /* Debug */ = {
			isa = XCBuildConfiguration;
			buildSettings = {
				ALWAYS_SEARCH_USER_PATHS = NO;
				ASSETCATALOG_COMPILER_GENERATE_SWIFT_ASSET_SYMBOL_EXTENSIONS = YES;
				CLANG_ANALYZER_NONNULL = YES;
				CLANG_ANALYZER_NUMBER_OBJECT_CONVERSION = YES_AGGRESSIVE;
				CLANG_CXX_LANGUAGE_STANDARD = "gnu++20";
				CLANG_ENABLE_MODULES = YES;
				CLANG_ENABLE_OBJC_ARC = YES;
				CLANG_ENABLE_OBJC_WEAK = YES;
				CLANG_WARN_BLOCK_CAPTURE_AUTORELEASING = YES;
				CLANG_WARN_BOOL_CONVERSION = YES;
				CLANG_WARN_COMMA = YES;
				CLANG_WARN_CONSTANT_CONVERSION = YES;
				CLANG_WARN_DEPRECATED_OBJC_IMPLEMENTATIONS = YES;
				CLANG_WARN_DIRECT_OBJC_ISA_USAGE = YES_ERROR;
				CLANG_WARN_DOCUMENTATION_COMMENTS = YES;
				CLANG_WARN_EMPTY_BODY = YES;
				CLANG_WARN_ENUM_CONVERSION = YES;
				CLANG_WARN_INFINITE_RECURSION = YES;
				CLANG_WARN_INT_CONVERSION = YES;
				CLANG_WARN_NON_LITERAL_NULL_CONVERSION = YES;
				CLANG_WARN_OBJC_IMPLICIT_RETAIN_SELF = YES;
				CLANG_WARN_OBJC_LITERAL_CONVERSION = YES;
				CLANG_WARN_OBJC_ROOT_CLASS = YES_ERROR;
				CLANG_WARN_QUOTED_INCLUDE_IN_FRAMEWORK_HEADER = YES;
				CLANG_WARN_RANGE_LOOP_ANALYSIS = YES;
				CLANG_WARN_STRICT_PROTOTYPES = YES;
				CLANG_WARN_SUSPICIOUS_MOVE = YES;
				CLANG_WARN_UNGUARDED_AVAILABILITY = YES_AGGRESSIVE;
				CLANG_WARN_UNREACHABLE_CODE = YES;
				CLANG_WARN__DUPLICATE_METHOD_MATCH = YES;
				COPY_PHASE_STRIP = NO;
				DEBUG_INFORMATION_FORMAT = dwarf;
				ENABLE_STRICT_OBJC_MSGSEND = YES;
				ENABLE_TESTABILITY = YES;
				ENABLE_USER_SCRIPT_SANDBOXING = YES;
				GCC_C_LANGUAGE_STANDARD = gnu17;
				GCC_DYNAMIC_NO_PIC = NO;
				GCC_NO_COMMON_BLOCKS = YES;
				GCC_OPTIMIZATION_LEVEL = 0;
				GCC_PREPROCESSOR_DEFINITIONS = (
					"DEBUG=1",
					"$(inherited)",
				);
				GCC_WARN_64_TO_32_BIT_CONVERSION = YES;
				GCC_WARN_ABOUT_RETURN_TYPE = YES_ERROR;
				GCC_WARN_UNDECLARED_SELECTOR = YES;
				GCC_WARN_UNINITIALIZED_AUTOS = YES_AGGRESSIVE;
				GCC_WARN_UNUSED_FUNCTION = YES;
				GCC_WARN_UNUSED_VARIABLE = YES;
				IPHONEOS_DEPLOYMENT_TARGET = 18.2;
				LOCALIZATION_PREFERS_STRING_CATALOGS = YES;
				MTL_ENABLE_DEBUG_INFO = INCLUDE_SOURCE;
				MTL_FAST_MATH = YES;
				ONLY_ACTIVE_ARCH = YES;
				SDKROOT = iphoneos;
				SWIFT_ACTIVE_COMPILATION_CONDITIONS = "DEBUG $(inherited)";
				SWIFT_OPTIMIZATION_LEVEL = "-Onone";
			};
			name = Debug;
		};
		BCBF8F7D2DA5760C001428B3 /* Release */ = {
			isa = XCBuildConfiguration;
			buildSettings = {
				ALWAYS_SEARCH_USER_PATHS = NO;
				ASSETCATALOG_COMPILER_GENERATE_SWIFT_ASSET_SYMBOL_EXTENSIONS = YES;
				CLANG_ANALYZER_NONNULL = YES;
				CLANG_ANALYZER_NUMBER_OBJECT_CONVERSION = YES_AGGRESSIVE;
				CLANG_CXX_LANGUAGE_STANDARD = "gnu++20";
				CLANG_ENABLE_MODULES = YES;
				CLANG_ENABLE_OBJC_ARC = YES;
				CLANG_ENABLE_OBJC_WEAK = YES;
				CLANG_WARN_BLOCK_CAPTURE_AUTORELEASING = YES;
				CLANG_WARN_BOOL_CONVERSION = YES;
				CLANG_WARN_COMMA = YES;
				CLANG_WARN_CONSTANT_CONVERSION = YES;
				CLANG_WARN_DEPRECATED_OBJC_IMPLEMENTATIONS = YES;
				CLANG_WARN_DIRECT_OBJC_ISA_USAGE = YES_ERROR;
				CLANG_WARN_DOCUMENTATION_COMMENTS = YES;
				CLANG_WARN_EMPTY_BODY = YES;
				CLANG_WARN_ENUM_CONVERSION = YES;
				CLANG_WARN_INFINITE_RECURSION = YES;
				CLANG_WARN_INT_CONVERSION = YES;
				CLANG_WARN_NON_LITERAL_NULL_CONVERSION = YES;
				CLANG_WARN_OBJC_IMPLICIT_RETAIN_SELF = YES;
				CLANG_WARN_OBJC_LITERAL_CONVERSION = YES;
				CLANG_WARN_OBJC_ROOT_CLASS = YES_ERROR;
				CLANG_WARN_QUOTED_INCLUDE_IN_FRAMEWORK_HEADER = YES;
				CLANG_WARN_RANGE_LOOP_ANALYSIS = YES;
				CLANG_WARN_STRICT_PROTOTYPES = YES;
				CLANG_WARN_SUSPICIOUS_MOVE = YES;
				CLANG_WARN_UNGUARDED_AVAILABILITY = YES_AGGRESSIVE;
				CLANG_WARN_UNREACHABLE_CODE = YES;
				CLANG_WARN__DUPLICATE_METHOD_MATCH = YES;
				COPY_PHASE_STRIP = NO;
				DEBUG_INFORMATION_FORMAT = "dwarf-with-dsym";
				ENABLE_NS_ASSERTIONS = NO;
				ENABLE_STRICT_OBJC_MSGSEND = YES;
				ENABLE_USER_SCRIPT_SANDBOXING = YES;
				GCC_C_LANGUAGE_STANDARD = gnu17;
				GCC_NO_COMMON_BLOCKS = YES;
				GCC_WARN_64_TO_32_BIT_CONVERSION = YES;
				GCC_WARN_ABOUT_RETURN_TYPE = YES_ERROR;
				GCC_WARN_UNDECLARED_SELECTOR = YES;
				GCC_WARN_UNINITIALIZED_AUTOS = YES_AGGRESSIVE;
				GCC_WARN_UNUSED_FUNCTION = YES;
				GCC_WARN_UNUSED_VARIABLE = YES;
				IPHONEOS_DEPLOYMENT_TARGET = 18.2;
				LOCALIZATION_PREFERS_STRING_CATALOGS = YES;
				MTL_ENABLE_DEBUG_INFO = NO;
				MTL_FAST_MATH = YES;
				SDKROOT = iphoneos;
				SWIFT_COMPILATION_MODE = wholemodule;
				VALIDATE_PRODUCT = YES;
			};
			name = Release;
		};
		BCBF8F7F2DA5760C001428B3 /* Debug */ = {
			isa = XCBuildConfiguration;
			buildSettings = {
				ASSETCATALOG_COMPILER_APPICON_NAME = AppIcon;
				ASSETCATALOG_COMPILER_GLOBAL_ACCENT_COLOR_NAME = AccentColor;
				CODE_SIGN_STYLE = Automatic;
				CURRENT_PROJECT_VERSION = 1;
				DEVELOPMENT_ASSET_PATHS = "\"Image_tutorial/Preview Content\"";
				ENABLE_PREVIEWS = YES;
				GENERATE_INFOPLIST_FILE = YES;
				INFOPLIST_FILE = "Image-tutorial-Info.plist";
				INFOPLIST_KEY_UIApplicationSceneManifest_Generation = YES;
				INFOPLIST_KEY_UIApplicationSupportsIndirectInputEvents = YES;
				INFOPLIST_KEY_UILaunchScreen_Generation = YES;
				INFOPLIST_KEY_UISupportedInterfaceOrientations_iPad = "UIInterfaceOrientationPortrait UIInterfaceOrientationPortraitUpsideDown UIInterfaceOrientationLandscapeLeft UIInterfaceOrientationLandscapeRight";
				INFOPLIST_KEY_UISupportedInterfaceOrientations_iPhone = "UIInterfaceOrientationPortrait UIInterfaceOrientationLandscapeLeft UIInterfaceOrientationLandscapeRight";
				LD_RUNPATH_SEARCH_PATHS = (
					"$(inherited)",
					"@executable_path/Frameworks",
				);
				MARKETING_VERSION = 1.0;
				PRODUCT_BUNDLE_IDENTIFIER = "start.Image-tutorial";
				PRODUCT_NAME = "$(TARGET_NAME)";
				SWIFT_EMIT_LOC_STRINGS = YES;
				SWIFT_VERSION = 5.0;
				TARGETED_DEVICE_FAMILY = "1,2";
			};
			name = Debug;
		};
		BCBF8F802DA5760C001428B3 /* Release */ = {
			isa = XCBuildConfiguration;
			buildSettings = {
				ASSETCATALOG_COMPILER_APPICON_NAME = AppIcon;
				ASSETCATALOG_COMPILER_GLOBAL_ACCENT_COLOR_NAME = AccentColor;
				CODE_SIGN_STYLE = Automatic;
				CURRENT_PROJECT_VERSION = 1;
				DEVELOPMENT_ASSET_PATHS = "\"Image_tutorial/Preview Content\"";
				ENABLE_PREVIEWS = YES;
				GENERATE_INFOPLIST_FILE = YES;
				INFOPLIST_FILE = "Image-tutorial-Info.plist";
				INFOPLIST_KEY_UIApplicationSceneManifest_Generation = YES;
				INFOPLIST_KEY_UIApplicationSupportsIndirectInputEvents = YES;
				INFOPLIST_KEY_UILaunchScreen_Generation = YES;
				INFOPLIST_KEY_UISupportedInterfaceOrientations_iPad = "UIInterfaceOrientationPortrait UIInterfaceOrientationPortraitUpsideDown UIInterfaceOrientationLandscapeLeft UIInterfaceOrientationLandscapeRight";
				INFOPLIST_KEY_UISupportedInterfaceOrientations_iPhone = "UIInterfaceOrientationPortrait UIInterfaceOrientationLandscapeLeft UIInterfaceOrientationLandscapeRight";
				LD_RUNPATH_SEARCH_PATHS = (
					"$(inherited)",
					"@executable_path/Frameworks",
				);
				MARKETING_VERSION = 1.0;
				PRODUCT_BUNDLE_IDENTIFIER = "start.Image-tutorial";
				PRODUCT_NAME = "$(TARGET_NAME)";
				SWIFT_EMIT_LOC_STRINGS = YES;
				SWIFT_VERSION = 5.0;
				TARGETED_DEVICE_FAMILY = "1,2";
			};
			name = Release;
		};
		BCBF8F822DA5760C001428B3 /* Debug */ = {
			isa = XCBuildConfiguration;
			buildSettings = {
				BUNDLE_LOADER = "$(TEST_HOST)";
				CODE_SIGN_STYLE = Automatic;
				CURRENT_PROJECT_VERSION = 1;
				GENERATE_INFOPLIST_FILE = YES;
				IPHONEOS_DEPLOYMENT_TARGET = 18.2;
				MARKETING_VERSION = 1.0;
				PRODUCT_BUNDLE_IDENTIFIER = "start.Image-tutorialTests";
				PRODUCT_NAME = "$(TARGET_NAME)";
				SWIFT_EMIT_LOC_STRINGS = NO;
				SWIFT_VERSION = 5.0;
				TARGETED_DEVICE_FAMILY = "1,2";
				TEST_HOST = "$(BUILT_PRODUCTS_DIR)/Image_tutorial.app/$(BUNDLE_EXECUTABLE_FOLDER_PATH)/Image_tutorial";
			};
			name = Debug;
		};
		BCBF8F832DA5760C001428B3 /* Release */ = {
			isa = XCBuildConfiguration;
			buildSettings = {
				BUNDLE_LOADER = "$(TEST_HOST)";
				CODE_SIGN_STYLE = Automatic;
				CURRENT_PROJECT_VERSION = 1;
				GENERATE_INFOPLIST_FILE = YES;
				IPHONEOS_DEPLOYMENT_TARGET = 18.2;
				MARKETING_VERSION = 1.0;
				PRODUCT_BUNDLE_IDENTIFIER = "start.Image-tutorialTests";
				PRODUCT_NAME = "$(TARGET_NAME)";
				SWIFT_EMIT_LOC_STRINGS = NO;
				SWIFT_VERSION = 5.0;
				TARGETED_DEVICE_FAMILY = "1,2";
				TEST_HOST = "$(BUILT_PRODUCTS_DIR)/Image_tutorial.app/$(BUNDLE_EXECUTABLE_FOLDER_PATH)/Image_tutorial";
			};
			name = Release;
		};
		BCBF8F852DA5760C001428B3 /* Debug */ = {
			isa = XCBuildConfiguration;
			buildSettings = {
				CODE_SIGN_STYLE = Automatic;
				CURRENT_PROJECT_VERSION = 1;
				GENERATE_INFOPLIST_FILE = YES;
				MARKETING_VERSION = 1.0;
				PRODUCT_BUNDLE_IDENTIFIER = "start.Image-tutorialUITests";
				PRODUCT_NAME = "$(TARGET_NAME)";
				SWIFT_EMIT_LOC_STRINGS = NO;
				SWIFT_VERSION = 5.0;
				TARGETED_DEVICE_FAMILY = "1,2";
				TEST_TARGET_NAME = Image_tutorial;
			};
			name = Debug;
		};
		BCBF8F862DA5760C001428B3 /* Release */ = {
			isa = XCBuildConfiguration;
			buildSettings = {
				CODE_SIGN_STYLE = Automatic;
				CURRENT_PROJECT_VERSION = 1;
				GENERATE_INFOPLIST_FILE = YES;
				MARKETING_VERSION = 1.0;
				PRODUCT_BUNDLE_IDENTIFIER = "start.Image-tutorialUITests";
				PRODUCT_NAME = "$(TARGET_NAME)";
				SWIFT_EMIT_LOC_STRINGS = NO;
				SWIFT_VERSION = 5.0;
				TARGETED_DEVICE_FAMILY = "1,2";
				TEST_TARGET_NAME = Image_tutorial;
			};
			name = Release;
		};
/* End XCBuildConfiguration section */

/* Begin XCConfigurationList section */
		BCBF8F552DA5760B001428B3 /* Build configuration list for PBXProject "Image_tutorial" */ = {
			isa = XCConfigurationList;
			buildConfigurations = (
				BCBF8F7C2DA5760C001428B3 /* Debug */,
				BCBF8F7D2DA5760C001428B3 /* Release */,
			);
			defaultConfigurationIsVisible = 0;
			defaultConfigurationName = Release;
		};
		BCBF8F7E2DA5760C001428B3 /* Build configuration list for PBXNativeTarget "Image_tutorial" */ = {
			isa = XCConfigurationList;
			buildConfigurations = (
				BCBF8F7F2DA5760C001428B3 /* Debug */,
				BCBF8F802DA5760C001428B3 /* Release */,
			);
			defaultConfigurationIsVisible = 0;
			defaultConfigurationName = Release;
		};
		BCBF8F812DA5760C001428B3 /* Build configuration list for PBXNativeTarget "Image_tutorialTests" */ = {
			isa = XCConfigurationList;
			buildConfigurations = (
				BCBF8F822DA5760C001428B3 /* Debug */,
				BCBF8F832DA5760C001428B3 /* Release */,
			);
			defaultConfigurationIsVisible = 0;
			defaultConfigurationName = Release;
		};
		BCBF8F842DA5760C001428B3 /* Build configuration list for PBXNativeTarget "Image_tutorialUITests" */ = {
			isa = XCConfigurationList;
			buildConfigurations = (
				BCBF8F852DA5760C001428B3 /* Debug */,
				BCBF8F862DA5760C001428B3 /* Release */,
			);
			defaultConfigurationIsVisible = 0;
			defaultConfigurationName = Release;
		};
/* End XCConfigurationList section */
	};
	rootObject = BCBF8F522DA5760B001428B3 /* Project object */;
}
