// !$*UTF8*$!
{
	archiveVersion = 1;
	classes = {
	};
	objectVersion = 77;
	objects = {

/* Begin PBXContainerItemProxy section */
		BCC5CC052DADD5E400B03614 /* PBXContainerItemProxy */ = {
			isa = PBXContainerItemProxy;
			containerPortal = BCC5CBEC2DADD5E300B03614 /* Project object */;
			proxyType = 1;
			remoteGlobalIDString = BCC5CBF32DADD5E300B03614;
			remoteInfo = WarmUp;
		};
		BCC5CC0F2DADD5E400B03614 /* PBXContainerItemProxy */ = {
			isa = PBXContainerItemProxy;
			containerPortal = BCC5CBEC2DADD5E300B03614 /* Project object */;
			proxyType = 1;
			remoteGlobalIDString = BCC5CBF32DADD5E300B03614;
			remoteInfo = WarmUp;
		};
/* End PBXContainerItemProxy section */

/* Begin PBXFileReference section */
		BCC5CBF42DADD5E300B03614 /* WarmUp.app */ = {isa = PBXFileReference; explicitFileType = wrapper.application; includeInIndex = 0; path = WarmUp.app; sourceTree = BUILT_PRODUCTS_DIR; };
		BCC5CC042DADD5E400B03614 /* WarmUpTests.xctest */ = {isa = PBXFileReference; explicitFileType = wrapper.cfbundle; includeInIndex = 0; path = WarmUpTests.xctest; sourceTree = BUILT_PRODUCTS_DIR; };
		BCC5CC0E2DADD5E400B03614 /* WarmUpUITests.xctest */ = {isa = PBXFileReference; explicitFileType = wrapper.cfbundle; includeInIndex = 0; path = WarmUpUITests.xctest; sourceTree = BUILT_PRODUCTS_DIR; };
/* End PBXFileReference section */

/* Begin PBXFileSystemSynchronizedRootGroup section */
		BCC5CBF62DADD5E300B03614 /* WarmUp */ = {
			isa = PBXFileSystemSynchronizedRootGroup;
			path = WarmUp;
			sourceTree = "<group>";
		};
		BCC5CC072DADD5E400B03614 /* WarmUpTests */ = {
			isa = PBXFileSystemSynchronizedRootGroup;
			path = WarmUpTests;
			sourceTree = "<group>";
		};
		BCC5CC112DADD5E400B03614 /* WarmUpUITests */ = {
			isa = PBXFileSystemSynchronizedRootGroup;
			path = WarmUpUITests;
			sourceTree = "<group>";
		};
/* End PBXFileSystemSynchronizedRootGroup section */

/* Begin PBXFrameworksBuildPhase section */
		BCC5CBF12DADD5E300B03614 /* Frameworks */ = {
			isa = PBXFrameworksBuildPhase;
			buildActionMask = 2147483647;
			files = (
			);
			runOnlyForDeploymentPostprocessing = 0;
		};
		BCC5CC012DADD5E400B03614 /* Frameworks */ = {
			isa = PBXFrameworksBuildPhase;
			buildActionMask = 2147483647;
			files = (
			);
			runOnlyForDeploymentPostprocessing = 0;
		};
		BCC5CC0B2DADD5E400B03614 /* Frameworks */ = {
			isa = PBXFrameworksBuildPhase;
			buildActionMask = 2147483647;
			files = (
			);
			runOnlyForDeploymentPostprocessing = 0;
		};
/* End PBXFrameworksBuildPhase section */

/* Begin PBXGroup section */
		BCC5CBEB2DADD5E300B03614 = {
			isa = PBXGroup;
			children = (
				BCC5CBF62DADD5E300B03614 /* WarmUp */,
				BCC5CC072DADD5E400B03614 /* WarmUpTests */,
				BCC5CC112DADD5E400B03614 /* WarmUpUITests */,
				BCC5CBF52DADD5E300B03614 /* Products */,
			);
			sourceTree = "<group>";
		};
		BCC5CBF52DADD5E300B03614 /* Products */ = {
			isa = PBXGroup;
			children = (
				BCC5CBF42DADD5E300B03614 /* WarmUp.app */,
				BCC5CC042DADD5E400B03614 /* WarmUpTests.xctest */,
				BCC5CC0E2DADD5E400B03614 /* WarmUpUITests.xctest */,
			);
			name = Products;
			sourceTree = "<group>";
		};
/* End PBXGroup section */

/* Begin PBXNativeTarget section */
		BCC5CBF32DADD5E300B03614 /* WarmUp */ = {
			isa = PBXNativeTarget;
			buildConfigurationList = BCC5CC182DADD5E400B03614 /* Build configuration list for PBXNativeTarget "WarmUp" */;
			buildPhases = (
				BCC5CBF02DADD5E300B03614 /* Sources */,
				BCC5CBF12DADD5E300B03614 /* Frameworks */,
				BCC5CBF22DADD5E300B03614 /* Resources */,
			);
			buildRules = (
			);
			dependencies = (
			);
			fileSystemSynchronizedGroups = (
				BCC5CBF62DADD5E300B03614 /* WarmUp */,
			);
			name = WarmUp;
			packageProductDependencies = (
			);
			productName = WarmUp;
			productReference = BCC5CBF42DADD5E300B03614 /* WarmUp.app */;
			productType = "com.apple.product-type.application";
		};
		BCC5CC032DADD5E400B03614 /* WarmUpTests */ = {
			isa = PBXNativeTarget;
			buildConfigurationList = BCC5CC1B2DADD5E400B03614 /* Build configuration list for PBXNativeTarget "WarmUpTests" */;
			buildPhases = (
				BCC5CC002DADD5E400B03614 /* Sources */,
				BCC5CC012DADD5E400B03614 /* Frameworks */,
				BCC5CC022DADD5E400B03614 /* Resources */,
			);
			buildRules = (
			);
			dependencies = (
				BCC5CC062DADD5E400B03614 /* PBXTargetDependency */,
			);
			fileSystemSynchronizedGroups = (
				BCC5CC072DADD5E400B03614 /* WarmUpTests */,
			);
			name = WarmUpTests;
			packageProductDependencies = (
			);
			productName = WarmUpTests;
			productReference = BCC5CC042DADD5E400B03614 /* WarmUpTests.xctest */;
			productType = "com.apple.product-type.bundle.unit-test";
		};
		BCC5CC0D2DADD5E400B03614 /* WarmUpUITests */ = {
			isa = PBXNativeTarget;
			buildConfigurationList = BCC5CC1E2DADD5E400B03614 /* Build configuration list for PBXNativeTarget "WarmUpUITests" */;
			buildPhases = (
				BCC5CC0A2DADD5E400B03614 /* Sources */,
				BCC5CC0B2DADD5E400B03614 /* Frameworks */,
				BCC5CC0C2DADD5E400B03614 /* Resources */,
			);
			buildRules = (
			);
			dependencies = (
				BCC5CC102DADD5E400B03614 /* PBXTargetDependency */,
			);
			fileSystemSynchronizedGroups = (
				BCC5CC112DADD5E400B03614 /* WarmUpUITests */,
			);
			name = WarmUpUITests;
			packageProductDependencies = (
			);
			productName = WarmUpUITests;
			productReference = BCC5CC0E2DADD5E400B03614 /* WarmUpUITests.xctest */;
			productType = "com.apple.product-type.bundle.ui-testing";
		};
/* End PBXNativeTarget section */

/* Begin PBXProject section */
		BCC5CBEC2DADD5E300B03614 /* Project object */ = {
			isa = PBXProject;
			attributes = {
				BuildIndependentTargetsInParallel = 1;
				LastSwiftUpdateCheck = 1620;
				LastUpgradeCheck = 1620;
				TargetAttributes = {
					BCC5CBF32DADD5E300B03614 = {
						CreatedOnToolsVersion = 16.2;
					};
					BCC5CC032DADD5E400B03614 = {
						CreatedOnToolsVersion = 16.2;
						TestTargetID = BCC5CBF32DADD5E300B03614;
					};
					BCC5CC0D2DADD5E400B03614 = {
						CreatedOnToolsVersion = 16.2;
						TestTargetID = BCC5CBF32DADD5E300B03614;
					};
				};
			};
			buildConfigurationList = BCC5CBEF2DADD5E300B03614 /* Build configuration list for PBXProject "WarmUp" */;
			developmentRegion = en;
			hasScannedForEncodings = 0;
			knownRegions = (
				en,
				Base,
			);
			mainGroup = BCC5CBEB2DADD5E300B03614;
			minimizedProjectReferenceProxies = 1;
			preferredProjectObjectVersion = 77;
			productRefGroup = BCC5CBF52DADD5E300B03614 /* Products */;
			projectDirPath = "";
			projectRoot = "";
			targets = (
				BCC5CBF32DADD5E300B03614 /* WarmUp */,
				BCC5CC032DADD5E400B03614 /* WarmUpTests */,
				BCC5CC0D2DADD5E400B03614 /* WarmUpUITests */,
			);
		};
/* End PBXProject section */

/* Begin PBXResourcesBuildPhase section */
		BCC5CBF22DADD5E300B03614 /* Resources */ = {
			isa = PBXResourcesBuildPhase;
			buildActionMask = 2147483647;
			files = (
			);
			runOnlyForDeploymentPostprocessing = 0;
		};
		BCC5CC022DADD5E400B03614 /* Resources */ = {
			isa = PBXResourcesBuildPhase;
			buildActionMask = 2147483647;
			files = (
			);
			runOnlyForDeploymentPostprocessing = 0;
		};
		BCC5CC0C2DADD5E400B03614 /* Resources */ = {
			isa = PBXResourcesBuildPhase;
			buildActionMask = 2147483647;
			files = (
			);
			runOnlyForDeploymentPostprocessing = 0;
		};
/* End PBXResourcesBuildPhase section */

/* Begin PBXSourcesBuildPhase section */
		BCC5CBF02DADD5E300B03614 /* Sources */ = {
			isa = PBXSourcesBuildPhase;
			buildActionMask = 2147483647;
			files = (
			);
			runOnlyForDeploymentPostprocessing = 0;
		};
		BCC5CC002DADD5E400B03614 /* Sources */ = {
			isa = PBXSourcesBuildPhase;
			buildActionMask = 2147483647;
			files = (
			);
			runOnlyForDeploymentPostprocessing = 0;
		};
		BCC5CC0A2DADD5E400B03614 /* Sources */ = {
			isa = PBXSourcesBuildPhase;
			buildActionMask = 2147483647;
			files = (
			);
			runOnlyForDeploymentPostprocessing = 0;
		};
/* End PBXSourcesBuildPhase section */

/* Begin PBXTargetDependency section */
		BCC5CC062DADD5E400B03614 /* PBXTargetDependency */ = {
			isa = PBXTargetDependency;
			target = BCC5CBF32DADD5E300B03614 /* WarmUp */;
			targetProxy = BCC5CC052DADD5E400B03614 /* PBXContainerItemProxy */;
		};
		BCC5CC102DADD5E400B03614 /* PBXTargetDependency */ = {
			isa = PBXTargetDependency;
			target = BCC5CBF32DADD5E300B03614 /* WarmUp */;
			targetProxy = BCC5CC0F2DADD5E400B03614 /* PBXContainerItemProxy */;
		};
/* End PBXTargetDependency section */

/* Begin XCBuildConfiguration section */
		BCC5CC162DADD5E400B03614 /* Debug */ = {
			isa = XCBuildConfiguration;
			buildSettings = {
				ALWAYS_SEARCH_USER_PATHS = NO;
				ASSETCATALOG_COMPILER_GENERATE_SWIFT_ASSET_SYMBOL_EXTENSIONS = YES;
				CLANG_ANALYZER_NONNULL = YES;
				CLANG_ANALYZER_NUMBER_OBJECT_CONVERSION = YES_AGGRESSIVE;
				CLANG_CXX_LANGUAGE_STANDARD = "gnu++20";
				CLANG_ENABLE_MODULES = YES;
				CLANG_ENABLE_OBJC_ARC = YES;
				CLANG_ENABLE_OBJC_WEAK = YES;
				CLANG_WARN_BLOCK_CAPTURE_AUTORELEASING = YES;
				CLANG_WARN_BOOL_CONVERSION = YES;
				CLANG_WARN_COMMA = YES;
				CLANG_WARN_CONSTANT_CONVERSION = YES;
				CLANG_WARN_DEPRECATED_OBJC_IMPLEMENTATIONS = YES;
				CLANG_WARN_DIRECT_OBJC_ISA_USAGE = YES_ERROR;
				CLANG_WARN_DOCUMENTATION_COMMENTS = YES;
				CLANG_WARN_EMPTY_BODY = YES;
				CLANG_WARN_ENUM_CONVERSION = YES;
				CLANG_WARN_INFINITE_RECURSION = YES;
				CLANG_WARN_INT_CONVERSION = YES;
				CLANG_WARN_NON_LITERAL_NULL_CONVERSION = YES;
				CLANG_WARN_OBJC_IMPLICIT_RETAIN_SELF = YES;
				CLANG_WARN_OBJC_LITERAL_CONVERSION = YES;
				CLANG_WARN_OBJC_ROOT_CLASS = YES_ERROR;
				CLANG_WARN_QUOTED_INCLUDE_IN_FRAMEWORK_HEADER = YES;
				CLANG_WARN_RANGE_LOOP_ANALYSIS = YES;
				CLANG_WARN_STRICT_PROTOTYPES = YES;
				CLANG_WARN_SUSPICIOUS_MOVE = YES;
				CLANG_WARN_UNGUARDED_AVAILABILITY = YES_AGGRESSIVE;
				CLANG_WARN_UNREACHABLE_CODE = YES;
				CLANG_WARN__DUPLICATE_METHOD_MATCH = YES;
				COPY_PHASE_STRIP = NO;
				DEBUG_INFORMATION_FORMAT = dwarf;
				ENABLE_STRICT_OBJC_MSGSEND = YES;
				ENABLE_TESTABILITY = YES;
				ENABLE_USER_SCRIPT_SANDBOXING = YES;
				GCC_C_LANGUAGE_STANDARD = gnu17;
				GCC_DYNAMIC_NO_PIC = NO;
				GCC_NO_COMMON_BLOCKS = YES;
				GCC_OPTIMIZATION_LEVEL = 0;
				GCC_PREPROCESSOR_DEFINITIONS = (
					"DEBUG=1",
					"$(inherited)",
				);
				GCC_WARN_64_TO_32_BIT_CONVERSION = YES;
				GCC_WARN_ABOUT_RETURN_TYPE = YES_ERROR;
				GCC_WARN_UNDECLARED_SELECTOR = YES;
				GCC_WARN_UNINITIALIZED_AUTOS = YES_AGGRESSIVE;
				GCC_WARN_UNUSED_FUNCTION = YES;
				GCC_WARN_UNUSED_VARIABLE = YES;
				IPHONEOS_DEPLOYMENT_TARGET = 18.2;
				LOCALIZATION_PREFERS_STRING_CATALOGS = YES;
				MTL_ENABLE_DEBUG_INFO = INCLUDE_SOURCE;
				MTL_FAST_MATH = YES;
				ONLY_ACTIVE_ARCH = YES;
				SDKROOT = iphoneos;
				SWIFT_ACTIVE_COMPILATION_CONDITIONS = "DEBUG $(inherited)";
				SWIFT_OPTIMIZATION_LEVEL = "-Onone";
			};
			name = Debug;
		};
		BCC5CC172DADD5E400B03614 /* Release */ = {
			isa = XCBuildConfiguration;
			buildSettings = {
				ALWAYS_SEARCH_USER_PATHS = NO;
				ASSETCATALOG_COMPILER_GENERATE_SWIFT_ASSET_SYMBOL_EXTENSIONS = YES;
				CLANG_ANALYZER_NONNULL = YES;
				CLANG_ANALYZER_NUMBER_OBJECT_CONVERSION = YES_AGGRESSIVE;
				CLANG_CXX_LANGUAGE_STANDARD = "gnu++20";
				CLANG_ENABLE_MODULES = YES;
				CLANG_ENABLE_OBJC_ARC = YES;
				CLANG_ENABLE_OBJC_WEAK = YES;
				CLANG_WARN_BLOCK_CAPTURE_AUTORELEASING = YES;
				CLANG_WARN_BOOL_CONVERSION = YES;
				CLANG_WARN_COMMA = YES;
				CLANG_WARN_CONSTANT_CONVERSION = YES;
				CLANG_WARN_DEPRECATED_OBJC_IMPLEMENTATIONS = YES;
				CLANG_WARN_DIRECT_OBJC_ISA_USAGE = YES_ERROR;
				CLANG_WARN_DOCUMENTATION_COMMENTS = YES;
				CLANG_WARN_EMPTY_BODY = YES;
				CLANG_WARN_ENUM_CONVERSION = YES;
				CLANG_WARN_INFINITE_RECURSION = YES;
				CLANG_WARN_INT_CONVERSION = YES;
				CLANG_WARN_NON_LITERAL_NULL_CONVERSION = YES;
				CLANG_WARN_OBJC_IMPLICIT_RETAIN_SELF = YES;
				CLANG_WARN_OBJC_LITERAL_CONVERSION = YES;
				CLANG_WARN_OBJC_ROOT_CLASS = YES_ERROR;
				CLANG_WARN_QUOTED_INCLUDE_IN_FRAMEWORK_HEADER = YES;
				CLANG_WARN_RANGE_LOOP_ANALYSIS = YES;
				CLANG_WARN_STRICT_PROTOTYPES = YES;
				CLANG_WARN_SUSPICIOUS_MOVE = YES;
				CLANG_WARN_UNGUARDED_AVAILABILITY = YES_AGGRESSIVE;
				CLANG_WARN_UNREACHABLE_CODE = YES;
				CLANG_WARN__DUPLICATE_METHOD_MATCH = YES;
				COPY_PHASE_STRIP = NO;
				DEBUG_INFORMATION_FORMAT = "dwarf-with-dsym";
				ENABLE_NS_ASSERTIONS = NO;
				ENABLE_STRICT_OBJC_MSGSEND = YES;
				ENABLE_USER_SCRIPT_SANDBOXING = YES;
				GCC_C_LANGUAGE_STANDARD = gnu17;
				GCC_NO_COMMON_BLOCKS = YES;
				GCC_WARN_64_TO_32_BIT_CONVERSION = YES;
				GCC_WARN_ABOUT_RETURN_TYPE = YES_ERROR;
				GCC_WARN_UNDECLARED_SELECTOR = YES;
				GCC_WARN_UNINITIALIZED_AUTOS = YES_AGGRESSIVE;
				GCC_WARN_UNUSED_FUNCTION = YES;
				GCC_WARN_UNUSED_VARIABLE = YES;
				IPHONEOS_DEPLOYMENT_TARGET = 18.2;
				LOCALIZATION_PREFERS_STRING_CATALOGS = YES;
				MTL_ENABLE_DEBUG_INFO = NO;
				MTL_FAST_MATH = YES;
				SDKROOT = iphoneos;
				SWIFT_COMPILATION_MODE = wholemodule;
				VALIDATE_PRODUCT = YES;
			};
			name = Release;
		};
		BCC5CC192DADD5E400B03614 /* Debug */ = {
			isa = XCBuildConfiguration;
			buildSettings = {
				ASSETCATALOG_COMPILER_APPICON_NAME = AppIcon;
				ASSETCATALOG_COMPILER_GLOBAL_ACCENT_COLOR_NAME = AccentColor;
				CODE_SIGN_STYLE = Automatic;
				CURRENT_PROJECT_VERSION = 1;
				DEVELOPMENT_ASSET_PATHS = "\"WarmUp/Preview Content\"";
				ENABLE_PREVIEWS = YES;
				GENERATE_INFOPLIST_FILE = YES;
				INFOPLIST_KEY_UIApplicationSceneManifest_Generation = YES;
				INFOPLIST_KEY_UIApplicationSupportsIndirectInputEvents = YES;
				INFOPLIST_KEY_UILaunchScreen_Generation = YES;
				INFOPLIST_KEY_UISupportedInterfaceOrientations_iPad = "UIInterfaceOrientationPortrait UIInterfaceOrientationPortraitUpsideDown UIInterfaceOrientationLandscapeLeft UIInterfaceOrientationLandscapeRight";
				INFOPLIST_KEY_UISupportedInterfaceOrientations_iPhone = "UIInterfaceOrientationPortrait UIInterfaceOrientationLandscapeLeft UIInterfaceOrientationLandscapeRight";
				LD_RUNPATH_SEARCH_PATHS = (
					"$(inherited)",
					"@executable_path/Frameworks",
				);
				MARKETING_VERSION = 1.0;
				PRODUCT_BUNDLE_IDENTIFIER = start.WarmUp;
				PRODUCT_NAME = "$(TARGET_NAME)";
				SWIFT_EMIT_LOC_STRINGS = YES;
				SWIFT_VERSION = 5.0;
				TARGETED_DEVICE_FAMILY = "1,2";
			};
			name = Debug;
		};
		BCC5CC1A2DADD5E400B03614 /* Release */ = {
			isa = XCBuildConfiguration;
			buildSettings = {
				ASSETCATALOG_COMPILER_APPICON_NAME = AppIcon;
				ASSETCATALOG_COMPILER_GLOBAL_ACCENT_COLOR_NAME = AccentColor;
				CODE_SIGN_STYLE = Automatic;
				CURRENT_PROJECT_VERSION = 1;
				DEVELOPMENT_ASSET_PATHS = "\"WarmUp/Preview Content\"";
				ENABLE_PREVIEWS = YES;
				GENERATE_INFOPLIST_FILE = YES;
				INFOPLIST_KEY_UIApplicationSceneManifest_Generation = YES;
				INFOPLIST_KEY_UIApplicationSupportsIndirectInputEvents = YES;
				INFOPLIST_KEY_UILaunchScreen_Generation = YES;
				INFOPLIST_KEY_UISupportedInterfaceOrientations_iPad = "UIInterfaceOrientationPortrait UIInterfaceOrientationPortraitUpsideDown UIInterfaceOrientationLandscapeLeft UIInterfaceOrientationLandscapeRight";
				INFOPLIST_KEY_UISupportedInterfaceOrientations_iPhone = "UIInterfaceOrientationPortrait UIInterfaceOrientationLandscapeLeft UIInterfaceOrientationLandscapeRight";
				LD_RUNPATH_SEARCH_PATHS = (
					"$(inherited)",
					"@executable_path/Frameworks",
				);
				MARKETING_VERSION = 1.0;
				PRODUCT_BUNDLE_IDENTIFIER = start.WarmUp;
				PRODUCT_NAME = "$(TARGET_NAME)";
				SWIFT_EMIT_LOC_STRINGS = YES;
				SWIFT_VERSION = 5.0;
				TARGETED_DEVICE_FAMILY = "1,2";
			};
			name = Release;
		};
		BCC5CC1C2DADD5E400B03614 /* Debug */ = {
			isa = XCBuildConfiguration;
			buildSettings = {
				BUNDLE_LOADER = "$(TEST_HOST)";
				CODE_SIGN_STYLE = Automatic;
				CURRENT_PROJECT_VERSION = 1;
				GENERATE_INFOPLIST_FILE = YES;
				IPHONEOS_DEPLOYMENT_TARGET = 18.2;
				MARKETING_VERSION = 1.0;
				PRODUCT_BUNDLE_IDENTIFIER = start.WarmUpTests;
				PRODUCT_NAME = "$(TARGET_NAME)";
				SWIFT_EMIT_LOC_STRINGS = NO;
				SWIFT_VERSION = 5.0;
				TARGETED_DEVICE_FAMILY = "1,2";
				TEST_HOST = "$(BUILT_PRODUCTS_DIR)/WarmUp.app/$(BUNDLE_EXECUTABLE_FOLDER_PATH)/WarmUp";
			};
			name = Debug;
		};
		BCC5CC1D2DADD5E400B03614 /* Release */ = {
			isa = XCBuildConfiguration;
			buildSettings = {
				BUNDLE_LOADER = "$(TEST_HOST)";
				CODE_SIGN_STYLE = Automatic;
				CURRENT_PROJECT_VERSION = 1;
				GENERATE_INFOPLIST_FILE = YES;
				IPHONEOS_DEPLOYMENT_TARGET = 18.2;
				MARKETING_VERSION = 1.0;
				PRODUCT_BUNDLE_IDENTIFIER = start.WarmUpTests;
				PRODUCT_NAME = "$(TARGET_NAME)";
				SWIFT_EMIT_LOC_STRINGS = NO;
				SWIFT_VERSION = 5.0;
				TARGETED_DEVICE_FAMILY = "1,2";
				TEST_HOST = "$(BUILT_PRODUCTS_DIR)/WarmUp.app/$(BUNDLE_EXECUTABLE_FOLDER_PATH)/WarmUp";
			};
			name = Release;
		};
		BCC5CC1F2DADD5E400B03614 /* Debug */ = {
			isa = XCBuildConfiguration;
			buildSettings = {
				CODE_SIGN_STYLE = Automatic;
				CURRENT_PROJECT_VERSION = 1;
				GENERATE_INFOPLIST_FILE = YES;
				MARKETING_VERSION = 1.0;
				PRODUCT_BUNDLE_IDENTIFIER = start.WarmUpUITests;
				PRODUCT_NAME = "$(TARGET_NAME)";
				SWIFT_EMIT_LOC_STRINGS = NO;
				SWIFT_VERSION = 5.0;
				TARGETED_DEVICE_FAMILY = "1,2";
				TEST_TARGET_NAME = WarmUp;
			};
			name = Debug;
		};
		BCC5CC202DADD5E400B03614 /* Release */ = {
			isa = XCBuildConfiguration;
			buildSettings = {
				CODE_SIGN_STYLE = Automatic;
				CURRENT_PROJECT_VERSION = 1;
				GENERATE_INFOPLIST_FILE = YES;
				MARKETING_VERSION = 1.0;
				PRODUCT_BUNDLE_IDENTIFIER = start.WarmUpUITests;
				PRODUCT_NAME = "$(TARGET_NAME)";
				SWIFT_EMIT_LOC_STRINGS = NO;
				SWIFT_VERSION = 5.0;
				TARGETED_DEVICE_FAMILY = "1,2";
				TEST_TARGET_NAME = WarmUp;
			};
			name = Release;
		};
/* End XCBuildConfiguration section */

/* Begin XCConfigurationList section */
		BCC5CBEF2DADD5E300B03614 /* Build configuration list for PBXProject "WarmUp" */ = {
			isa = XCConfigurationList;
			buildConfigurations = (
				BCC5CC162DADD5E400B03614 /* Debug */,
				BCC5CC172DADD5E400B03614 /* Release */,
			);
			defaultConfigurationIsVisible = 0;
			defaultConfigurationName = Release;
		};
		BCC5CC182DADD5E400B03614 /* Build configuration list for PBXNativeTarget "WarmUp" */ = {
			isa = XCConfigurationList;
			buildConfigurations = (
				BCC5CC192DADD5E400B03614 /* Debug */,
				BCC5CC1A2DADD5E400B03614 /* Release */,
			);
			defaultConfigurationIsVisible = 0;
			defaultConfigurationName = Release;
		};
		BCC5CC1B2DADD5E400B03614 /* Build configuration list for PBXNativeTarget "WarmUpTests" */ = {
			isa = XCConfigurationList;
			buildConfigurations = (
				BCC5CC1C2DADD5E400B03614 /* Debug */,
				BCC5CC1D2DADD5E400B03614 /* Release */,
			);
			defaultConfigurationIsVisible = 0;
			defaultConfigurationName = Release;
		};
		BCC5CC1E2DADD5E400B03614 /* Build configuration list for PBXNativeTarget "WarmUpUITests" */ = {
			isa = XCConfigurationList;
			buildConfigurations = (
				BCC5CC1F2DADD5E400B03614 /* Debug */,
				BCC5CC202DADD5E400B03614 /* Release */,
			);
			defaultConfigurationIsVisible = 0;
			defaultConfigurationName = Release;
		};
/* End XCConfigurationList section */
	};
	rootObject = BCC5CBEC2DADD5E300B03614 /* Project object */;
}
