// !$*UTF8*$!
{
	archiveVersion = 1;
	classes = {
	};
	objectVersion = 77;
	objects = {

/* Begin PBXContainerItemProxy section */
		BCB664E82DA6C29000651AE4 /* PBXContainerItemProxy */ = {
			isa = PBXContainerItemProxy;
			containerPortal = BCB664CF2DA6C28F00651AE4 /* Project object */;
			proxyType = 1;
			remoteGlobalIDString = BCB664D62DA6C28F00651AE4;
			remoteInfo = stack_pratice;
		};
		BCB664F22DA6C29000651AE4 /* PBXContainerItemProxy */ = {
			isa = PBXContainerItemProxy;
			containerPortal = BCB664CF2DA6C28F00651AE4 /* Project object */;
			proxyType = 1;
			remoteGlobalIDString = BCB664D62DA6C28F00651AE4;
			remoteInfo = stack_pratice;
		};
/* End PBXContainerItemProxy section */

/* Begin PBXFileReference section */
		BCB664D72DA6C28F00651AE4 /* stack_pratice.app */ = {isa = PBXFileReference; explicitFileType = wrapper.application; includeInIndex = 0; path = stack_pratice.app; sourceTree = BUILT_PRODUCTS_DIR; };
		BCB664E72DA6C29000651AE4 /* stack_praticeTests.xctest */ = {isa = PBXFileReference; explicitFileType = wrapper.cfbundle; includeInIndex = 0; path = stack_praticeTests.xctest; sourceTree = BUILT_PRODUCTS_DIR; };
		BCB664F12DA6C29000651AE4 /* stack_praticeUITests.xctest */ = {isa = PBXFileReference; explicitFileType = wrapper.cfbundle; includeInIndex = 0; path = stack_praticeUITests.xctest; sourceTree = BUILT_PRODUCTS_DIR; };
/* End PBXFileReference section */

/* Begin PBXFileSystemSynchronizedRootGroup section */
		BCB664D92DA6C28F00651AE4 /* stack_pratice */ = {
			isa = PBXFileSystemSynchronizedRootGroup;
			path = stack_pratice;
			sourceTree = "<group>";
		};
		BCB664EA2DA6C29000651AE4 /* stack_praticeTests */ = {
			isa = PBXFileSystemSynchronizedRootGroup;
			path = stack_praticeTests;
			sourceTree = "<group>";
		};
		BCB664F42DA6C29000651AE4 /* stack_praticeUITests */ = {
			isa = PBXFileSystemSynchronizedRootGroup;
			path = stack_praticeUITests;
			sourceTree = "<group>";
		};
/* End PBXFileSystemSynchronizedRootGroup section */

/* Begin PBXFrameworksBuildPhase section */
		BCB664D42DA6C28F00651AE4 /* Frameworks */ = {
			isa = PBXFrameworksBuildPhase;
			buildActionMask = 2147483647;
			files = (
			);
			runOnlyForDeploymentPostprocessing = 0;
		};
		BCB664E42DA6C29000651AE4 /* Frameworks */ = {
			isa = PBXFrameworksBuildPhase;
			buildActionMask = 2147483647;
			files = (
			);
			runOnlyForDeploymentPostprocessing = 0;
		};
		BCB664EE2DA6C29000651AE4 /* Frameworks */ = {
			isa = PBXFrameworksBuildPhase;
			buildActionMask = 2147483647;
			files = (
			);
			runOnlyForDeploymentPostprocessing = 0;
		};
/* End PBXFrameworksBuildPhase section */

/* Begin PBXGroup section */
		BCB664CE2DA6C28F00651AE4 = {
			isa = PBXGroup;
			children = (
				BCB664D92DA6C28F00651AE4 /* stack_pratice */,
				BCB664EA2DA6C29000651AE4 /* stack_praticeTests */,
				BCB664F42DA6C29000651AE4 /* stack_praticeUITests */,
				BCB664D82DA6C28F00651AE4 /* Products */,
			);
			sourceTree = "<group>";
		};
		BCB664D82DA6C28F00651AE4 /* Products */ = {
			isa = PBXGroup;
			children = (
				BCB664D72DA6C28F00651AE4 /* stack_pratice.app */,
				BCB664E72DA6C29000651AE4 /* stack_praticeTests.xctest */,
				BCB664F12DA6C29000651AE4 /* stack_praticeUITests.xctest */,
			);
			name = Products;
			sourceTree = "<group>";
		};
/* End PBXGroup section */

/* Begin PBXNativeTarget section */
		BCB664D62DA6C28F00651AE4 /* stack_pratice */ = {
			isa = PBXNativeTarget;
			buildConfigurationList = BCB664FB2DA6C29000651AE4 /* Build configuration list for PBXNativeTarget "stack_pratice" */;
			buildPhases = (
				BCB664D32DA6C28F00651AE4 /* Sources */,
				BCB664D42DA6C28F00651AE4 /* Frameworks */,
				BCB664D52DA6C28F00651AE4 /* Resources */,
			);
			buildRules = (
			);
			dependencies = (
			);
			fileSystemSynchronizedGroups = (
				BCB664D92DA6C28F00651AE4 /* stack_pratice */,
			);
			name = stack_pratice;
			packageProductDependencies = (
			);
			productName = stack_pratice;
			productReference = BCB664D72DA6C28F00651AE4 /* stack_pratice.app */;
			productType = "com.apple.product-type.application";
		};
		BCB664E62DA6C29000651AE4 /* stack_praticeTests */ = {
			isa = PBXNativeTarget;
			buildConfigurationList = BCB664FE2DA6C29000651AE4 /* Build configuration list for PBXNativeTarget "stack_praticeTests" */;
			buildPhases = (
				BCB664E32DA6C29000651AE4 /* Sources */,
				BCB664E42DA6C29000651AE4 /* Frameworks */,
				BCB664E52DA6C29000651AE4 /* Resources */,
			);
			buildRules = (
			);
			dependencies = (
				BCB664E92DA6C29000651AE4 /* PBXTargetDependency */,
			);
			fileSystemSynchronizedGroups = (
				BCB664EA2DA6C29000651AE4 /* stack_praticeTests */,
			);
			name = stack_praticeTests;
			packageProductDependencies = (
			);
			productName = stack_praticeTests;
			productReference = BCB664E72DA6C29000651AE4 /* stack_praticeTests.xctest */;
			productType = "com.apple.product-type.bundle.unit-test";
		};
		BCB664F02DA6C29000651AE4 /* stack_praticeUITests */ = {
			isa = PBXNativeTarget;
			buildConfigurationList = BCB665012DA6C29000651AE4 /* Build configuration list for PBXNativeTarget "stack_praticeUITests" */;
			buildPhases = (
				BCB664ED2DA6C29000651AE4 /* Sources */,
				BCB664EE2DA6C29000651AE4 /* Frameworks */,
				BCB664EF2DA6C29000651AE4 /* Resources */,
			);
			buildRules = (
			);
			dependencies = (
				BCB664F32DA6C29000651AE4 /* PBXTargetDependency */,
			);
			fileSystemSynchronizedGroups = (
				BCB664F42DA6C29000651AE4 /* stack_praticeUITests */,
			);
			name = stack_praticeUITests;
			packageProductDependencies = (
			);
			productName = stack_praticeUITests;
			productReference = BCB664F12DA6C29000651AE4 /* stack_praticeUITests.xctest */;
			productType = "com.apple.product-type.bundle.ui-testing";
		};
/* End PBXNativeTarget section */

/* Begin PBXProject section */
		BCB664CF2DA6C28F00651AE4 /* Project object */ = {
			isa = PBXProject;
			attributes = {
				BuildIndependentTargetsInParallel = 1;
				LastSwiftUpdateCheck = 1620;
				LastUpgradeCheck = 1620;
				TargetAttributes = {
					BCB664D62DA6C28F00651AE4 = {
						CreatedOnToolsVersion = 16.2;
					};
					BCB664E62DA6C29000651AE4 = {
						CreatedOnToolsVersion = 16.2;
						TestTargetID = BCB664D62DA6C28F00651AE4;
					};
					BCB664F02DA6C29000651AE4 = {
						CreatedOnToolsVersion = 16.2;
						TestTargetID = BCB664D62DA6C28F00651AE4;
					};
				};
			};
			buildConfigurationList = BCB664D22DA6C28F00651AE4 /* Build configuration list for PBXProject "stack_pratice" */;
			developmentRegion = en;
			hasScannedForEncodings = 0;
			knownRegions = (
				en,
				Base,
			);
			mainGroup = BCB664CE2DA6C28F00651AE4;
			minimizedProjectReferenceProxies = 1;
			preferredProjectObjectVersion = 77;
			productRefGroup = BCB664D82DA6C28F00651AE4 /* Products */;
			projectDirPath = "";
			projectRoot = "";
			targets = (
				BCB664D62DA6C28F00651AE4 /* stack_pratice */,
				BCB664E62DA6C29000651AE4 /* stack_praticeTests */,
				BCB664F02DA6C29000651AE4 /* stack_praticeUITests */,
			);
		};
/* End PBXProject section */

/* Begin PBXResourcesBuildPhase section */
		BCB664D52DA6C28F00651AE4 /* Resources */ = {
			isa = PBXResourcesBuildPhase;
			buildActionMask = 2147483647;
			files = (
			);
			runOnlyForDeploymentPostprocessing = 0;
		};
		BCB664E52DA6C29000651AE4 /* Resources */ = {
			isa = PBXResourcesBuildPhase;
			buildActionMask = 2147483647;
			files = (
			);
			runOnlyForDeploymentPostprocessing = 0;
		};
		BCB664EF2DA6C29000651AE4 /* Resources */ = {
			isa = PBXResourcesBuildPhase;
			buildActionMask = 2147483647;
			files = (
			);
			runOnlyForDeploymentPostprocessing = 0;
		};
/* End PBXResourcesBuildPhase section */

/* Begin PBXSourcesBuildPhase section */
		BCB664D32DA6C28F00651AE4 /* Sources */ = {
			isa = PBXSourcesBuildPhase;
			buildActionMask = 2147483647;
			files = (
			);
			runOnlyForDeploymentPostprocessing = 0;
		};
		BCB664E32DA6C29000651AE4 /* Sources */ = {
			isa = PBXSourcesBuildPhase;
			buildActionMask = 2147483647;
			files = (
			);
			runOnlyForDeploymentPostprocessing = 0;
		};
		BCB664ED2DA6C29000651AE4 /* Sources */ = {
			isa = PBXSourcesBuildPhase;
			buildActionMask = 2147483647;
			files = (
			);
			runOnlyForDeploymentPostprocessing = 0;
		};
/* End PBXSourcesBuildPhase section */

/* Begin PBXTargetDependency section */
		BCB664E92DA6C29000651AE4 /* PBXTargetDependency */ = {
			isa = PBXTargetDependency;
			target = BCB664D62DA6C28F00651AE4 /* stack_pratice */;
			targetProxy = BCB664E82DA6C29000651AE4 /* PBXContainerItemProxy */;
		};
		BCB664F32DA6C29000651AE4 /* PBXTargetDependency */ = {
			isa = PBXTargetDependency;
			target = BCB664D62DA6C28F00651AE4 /* stack_pratice */;
			targetProxy = BCB664F22DA6C29000651AE4 /* PBXContainerItemProxy */;
		};
/* End PBXTargetDependency section */

/* Begin XCBuildConfiguration section */
		BCB664F92DA6C29000651AE4 /* Debug */ = {
			isa = XCBuildConfiguration;
			buildSettings = {
				ALWAYS_SEARCH_USER_PATHS = NO;
				ASSETCATALOG_COMPILER_GENERATE_SWIFT_ASSET_SYMBOL_EXTENSIONS = YES;
				CLANG_ANALYZER_NONNULL = YES;
				CLANG_ANALYZER_NUMBER_OBJECT_CONVERSION = YES_AGGRESSIVE;
				CLANG_CXX_LANGUAGE_STANDARD = "gnu++20";
				CLANG_ENABLE_MODULES = YES;
				CLANG_ENABLE_OBJC_ARC = YES;
				CLANG_ENABLE_OBJC_WEAK = YES;
				CLANG_WARN_BLOCK_CAPTURE_AUTORELEASING = YES;
				CLANG_WARN_BOOL_CONVERSION = YES;
				CLANG_WARN_COMMA = YES;
				CLANG_WARN_CONSTANT_CONVERSION = YES;
				CLANG_WARN_DEPRECATED_OBJC_IMPLEMENTATIONS = YES;
				CLANG_WARN_DIRECT_OBJC_ISA_USAGE = YES_ERROR;
				CLANG_WARN_DOCUMENTATION_COMMENTS = YES;
				CLANG_WARN_EMPTY_BODY = YES;
				CLANG_WARN_ENUM_CONVERSION = YES;
				CLANG_WARN_INFINITE_RECURSION = YES;
				CLANG_WARN_INT_CONVERSION = YES;
				CLANG_WARN_NON_LITERAL_NULL_CONVERSION = YES;
				CLANG_WARN_OBJC_IMPLICIT_RETAIN_SELF = YES;
				CLANG_WARN_OBJC_LITERAL_CONVERSION = YES;
				CLANG_WARN_OBJC_ROOT_CLASS = YES_ERROR;
				CLANG_WARN_QUOTED_INCLUDE_IN_FRAMEWORK_HEADER = YES;
				CLANG_WARN_RANGE_LOOP_ANALYSIS = YES;
				CLANG_WARN_STRICT_PROTOTYPES = YES;
				CLANG_WARN_SUSPICIOUS_MOVE = YES;
				CLANG_WARN_UNGUARDED_AVAILABILITY = YES_AGGRESSIVE;
				CLANG_WARN_UNREACHABLE_CODE = YES;
				CLANG_WARN__DUPLICATE_METHOD_MATCH = YES;
				COPY_PHASE_STRIP = NO;
				DEBUG_INFORMATION_FORMAT = dwarf;
				ENABLE_STRICT_OBJC_MSGSEND = YES;
				ENABLE_TESTABILITY = YES;
				ENABLE_USER_SCRIPT_SANDBOXING = YES;
				GCC_C_LANGUAGE_STANDARD = gnu17;
				GCC_DYNAMIC_NO_PIC = NO;
				GCC_NO_COMMON_BLOCKS = YES;
				GCC_OPTIMIZATION_LEVEL = 0;
				GCC_PREPROCESSOR_DEFINITIONS = (
					"DEBUG=1",
					"$(inherited)",
				);
				GCC_WARN_64_TO_32_BIT_CONVERSION = YES;
				GCC_WARN_ABOUT_RETURN_TYPE = YES_ERROR;
				GCC_WARN_UNDECLARED_SELECTOR = YES;
				GCC_WARN_UNINITIALIZED_AUTOS = YES_AGGRESSIVE;
				GCC_WARN_UNUSED_FUNCTION = YES;
				GCC_WARN_UNUSED_VARIABLE = YES;
				IPHONEOS_DEPLOYMENT_TARGET = 18.2;
				LOCALIZATION_PREFERS_STRING_CATALOGS = YES;
				MTL_ENABLE_DEBUG_INFO = INCLUDE_SOURCE;
				MTL_FAST_MATH = YES;
				ONLY_ACTIVE_ARCH = YES;
				SDKROOT = iphoneos;
				SWIFT_ACTIVE_COMPILATION_CONDITIONS = "DEBUG $(inherited)";
				SWIFT_OPTIMIZATION_LEVEL = "-Onone";
			};
			name = Debug;
		};
		BCB664FA2DA6C29000651AE4 /* Release */ = {
			isa = XCBuildConfiguration;
			buildSettings = {
				ALWAYS_SEARCH_USER_PATHS = NO;
				ASSETCATALOG_COMPILER_GENERATE_SWIFT_ASSET_SYMBOL_EXTENSIONS = YES;
				CLANG_ANALYZER_NONNULL = YES;
				CLANG_ANALYZER_NUMBER_OBJECT_CONVERSION = YES_AGGRESSIVE;
				CLANG_CXX_LANGUAGE_STANDARD = "gnu++20";
				CLANG_ENABLE_MODULES = YES;
				CLANG_ENABLE_OBJC_ARC = YES;
				CLANG_ENABLE_OBJC_WEAK = YES;
				CLANG_WARN_BLOCK_CAPTURE_AUTORELEASING = YES;
				CLANG_WARN_BOOL_CONVERSION = YES;
				CLANG_WARN_COMMA = YES;
				CLANG_WARN_CONSTANT_CONVERSION = YES;
				CLANG_WARN_DEPRECATED_OBJC_IMPLEMENTATIONS = YES;
				CLANG_WARN_DIRECT_OBJC_ISA_USAGE = YES_ERROR;
				CLANG_WARN_DOCUMENTATION_COMMENTS = YES;
				CLANG_WARN_EMPTY_BODY = YES;
				CLANG_WARN_ENUM_CONVERSION = YES;
				CLANG_WARN_INFINITE_RECURSION = YES;
				CLANG_WARN_INT_CONVERSION = YES;
				CLANG_WARN_NON_LITERAL_NULL_CONVERSION = YES;
				CLANG_WARN_OBJC_IMPLICIT_RETAIN_SELF = YES;
				CLANG_WARN_OBJC_LITERAL_CONVERSION = YES;
				CLANG_WARN_OBJC_ROOT_CLASS = YES_ERROR;
				CLANG_WARN_QUOTED_INCLUDE_IN_FRAMEWORK_HEADER = YES;
				CLANG_WARN_RANGE_LOOP_ANALYSIS = YES;
				CLANG_WARN_STRICT_PROTOTYPES = YES;
				CLANG_WARN_SUSPICIOUS_MOVE = YES;
				CLANG_WARN_UNGUARDED_AVAILABILITY = YES_AGGRESSIVE;
				CLANG_WARN_UNREACHABLE_CODE = YES;
				CLANG_WARN__DUPLICATE_METHOD_MATCH = YES;
				COPY_PHASE_STRIP = NO;
				DEBUG_INFORMATION_FORMAT = "dwarf-with-dsym";
				ENABLE_NS_ASSERTIONS = NO;
				ENABLE_STRICT_OBJC_MSGSEND = YES;
				ENABLE_USER_SCRIPT_SANDBOXING = YES;
				GCC_C_LANGUAGE_STANDARD = gnu17;
				GCC_NO_COMMON_BLOCKS = YES;
				GCC_WARN_64_TO_32_BIT_CONVERSION = YES;
				GCC_WARN_ABOUT_RETURN_TYPE = YES_ERROR;
				GCC_WARN_UNDECLARED_SELECTOR = YES;
				GCC_WARN_UNINITIALIZED_AUTOS = YES_AGGRESSIVE;
				GCC_WARN_UNUSED_FUNCTION = YES;
				GCC_WARN_UNUSED_VARIABLE = YES;
				IPHONEOS_DEPLOYMENT_TARGET = 18.2;
				LOCALIZATION_PREFERS_STRING_CATALOGS = YES;
				MTL_ENABLE_DEBUG_INFO = NO;
				MTL_FAST_MATH = YES;
				SDKROOT = iphoneos;
				SWIFT_COMPILATION_MODE = wholemodule;
				VALIDATE_PRODUCT = YES;
			};
			name = Release;
		};
		BCB664FC2DA6C29000651AE4 /* Debug */ = {
			isa = XCBuildConfiguration;
			buildSettings = {
				ASSETCATALOG_COMPILER_APPICON_NAME = AppIcon;
				ASSETCATALOG_COMPILER_GLOBAL_ACCENT_COLOR_NAME = AccentColor;
				CODE_SIGN_STYLE = Automatic;
				CURRENT_PROJECT_VERSION = 1;
				DEVELOPMENT_ASSET_PATHS = "\"stack_pratice/Preview Content\"";
				ENABLE_PREVIEWS = YES;
				GENERATE_INFOPLIST_FILE = YES;
				INFOPLIST_KEY_UIApplicationSceneManifest_Generation = YES;
				INFOPLIST_KEY_UIApplicationSupportsIndirectInputEvents = YES;
				INFOPLIST_KEY_UILaunchScreen_Generation = YES;
				INFOPLIST_KEY_UISupportedInterfaceOrientations_iPad = "UIInterfaceOrientationPortrait UIInterfaceOrientationPortraitUpsideDown UIInterfaceOrientationLandscapeLeft UIInterfaceOrientationLandscapeRight";
				INFOPLIST_KEY_UISupportedInterfaceOrientations_iPhone = "UIInterfaceOrientationPortrait UIInterfaceOrientationLandscapeLeft UIInterfaceOrientationLandscapeRight";
				LD_RUNPATH_SEARCH_PATHS = (
					"$(inherited)",
					"@executable_path/Frameworks",
				);
				MARKETING_VERSION = 1.0;
				PRODUCT_BUNDLE_IDENTIFIER = "start.stack-pratice";
				PRODUCT_NAME = "$(TARGET_NAME)";
				SWIFT_EMIT_LOC_STRINGS = YES;
				SWIFT_VERSION = 5.0;
				TARGETED_DEVICE_FAMILY = "1,2";
			};
			name = Debug;
		};
		BCB664FD2DA6C29000651AE4 /* Release */ = {
			isa = XCBuildConfiguration;
			buildSettings = {
				ASSETCATALOG_COMPILER_APPICON_NAME = AppIcon;
				ASSETCATALOG_COMPILER_GLOBAL_ACCENT_COLOR_NAME = AccentColor;
				CODE_SIGN_STYLE = Automatic;
				CURRENT_PROJECT_VERSION = 1;
				DEVELOPMENT_ASSET_PATHS = "\"stack_pratice/Preview Content\"";
				ENABLE_PREVIEWS = YES;
				GENERATE_INFOPLIST_FILE = YES;
				INFOPLIST_KEY_UIApplicationSceneManifest_Generation = YES;
				INFOPLIST_KEY_UIApplicationSupportsIndirectInputEvents = YES;
				INFOPLIST_KEY_UILaunchScreen_Generation = YES;
				INFOPLIST_KEY_UISupportedInterfaceOrientations_iPad = "UIInterfaceOrientationPortrait UIInterfaceOrientationPortraitUpsideDown UIInterfaceOrientationLandscapeLeft UIInterfaceOrientationLandscapeRight";
				INFOPLIST_KEY_UISupportedInterfaceOrientations_iPhone = "UIInterfaceOrientationPortrait UIInterfaceOrientationLandscapeLeft UIInterfaceOrientationLandscapeRight";
				LD_RUNPATH_SEARCH_PATHS = (
					"$(inherited)",
					"@executable_path/Frameworks",
				);
				MARKETING_VERSION = 1.0;
				PRODUCT_BUNDLE_IDENTIFIER = "start.stack-pratice";
				PRODUCT_NAME = "$(TARGET_NAME)";
				SWIFT_EMIT_LOC_STRINGS = YES;
				SWIFT_VERSION = 5.0;
				TARGETED_DEVICE_FAMILY = "1,2";
			};
			name = Release;
		};
		BCB664FF2DA6C29000651AE4 /* Debug */ = {
			isa = XCBuildConfiguration;
			buildSettings = {
				BUNDLE_LOADER = "$(TEST_HOST)";
				CODE_SIGN_STYLE = Automatic;
				CURRENT_PROJECT_VERSION = 1;
				GENERATE_INFOPLIST_FILE = YES;
				IPHONEOS_DEPLOYMENT_TARGET = 18.2;
				MARKETING_VERSION = 1.0;
				PRODUCT_BUNDLE_IDENTIFIER = "start.stack-praticeTests";
				PRODUCT_NAME = "$(TARGET_NAME)";
				SWIFT_EMIT_LOC_STRINGS = NO;
				SWIFT_VERSION = 5.0;
				TARGETED_DEVICE_FAMILY = "1,2";
				TEST_HOST = "$(BUILT_PRODUCTS_DIR)/stack_pratice.app/$(BUNDLE_EXECUTABLE_FOLDER_PATH)/stack_pratice";
			};
			name = Debug;
		};
		BCB665002DA6C29000651AE4 /* Release */ = {
			isa = XCBuildConfiguration;
			buildSettings = {
				BUNDLE_LOADER = "$(TEST_HOST)";
				CODE_SIGN_STYLE = Automatic;
				CURRENT_PROJECT_VERSION = 1;
				GENERATE_INFOPLIST_FILE = YES;
				IPHONEOS_DEPLOYMENT_TARGET = 18.2;
				MARKETING_VERSION = 1.0;
				PRODUCT_BUNDLE_IDENTIFIER = "start.stack-praticeTests";
				PRODUCT_NAME = "$(TARGET_NAME)";
				SWIFT_EMIT_LOC_STRINGS = NO;
				SWIFT_VERSION = 5.0;
				TARGETED_DEVICE_FAMILY = "1,2";
				TEST_HOST = "$(BUILT_PRODUCTS_DIR)/stack_pratice.app/$(BUNDLE_EXECUTABLE_FOLDER_PATH)/stack_pratice";
			};
			name = Release;
		};
		BCB665022DA6C29000651AE4 /* Debug */ = {
			isa = XCBuildConfiguration;
			buildSettings = {
				CODE_SIGN_STYLE = Automatic;
				CURRENT_PROJECT_VERSION = 1;
				GENERATE_INFOPLIST_FILE = YES;
				MARKETING_VERSION = 1.0;
				PRODUCT_BUNDLE_IDENTIFIER = "start.stack-praticeUITests";
				PRODUCT_NAME = "$(TARGET_NAME)";
				SWIFT_EMIT_LOC_STRINGS = NO;
				SWIFT_VERSION = 5.0;
				TARGETED_DEVICE_FAMILY = "1,2";
				TEST_TARGET_NAME = stack_pratice;
			};
			name = Debug;
		};
		BCB665032DA6C29000651AE4 /* Release */ = {
			isa = XCBuildConfiguration;
			buildSettings = {
				CODE_SIGN_STYLE = Automatic;
				CURRENT_PROJECT_VERSION = 1;
				GENERATE_INFOPLIST_FILE = YES;
				MARKETING_VERSION = 1.0;
				PRODUCT_BUNDLE_IDENTIFIER = "start.stack-praticeUITests";
				PRODUCT_NAME = "$(TARGET_NAME)";
				SWIFT_EMIT_LOC_STRINGS = NO;
				SWIFT_VERSION = 5.0;
				TARGETED_DEVICE_FAMILY = "1,2";
				TEST_TARGET_NAME = stack_pratice;
			};
			name = Release;
		};
/* End XCBuildConfiguration section */

/* Begin XCConfigurationList section */
		BCB664D22DA6C28F00651AE4 /* Build configuration list for PBXProject "stack_pratice" */ = {
			isa = XCConfigurationList;
			buildConfigurations = (
				BCB664F92DA6C29000651AE4 /* Debug */,
				BCB664FA2DA6C29000651AE4 /* Release */,
			);
			defaultConfigurationIsVisible = 0;
			defaultConfigurationName = Release;
		};
		BCB664FB2DA6C29000651AE4 /* Build configuration list for PBXNativeTarget "stack_pratice" */ = {
			isa = XCConfigurationList;
			buildConfigurations = (
				BCB664FC2DA6C29000651AE4 /* Debug */,
				BCB664FD2DA6C29000651AE4 /* Release */,
			);
			defaultConfigurationIsVisible = 0;
			defaultConfigurationName = Release;
		};
		BCB664FE2DA6C29000651AE4 /* Build configuration list for PBXNativeTarget "stack_praticeTests" */ = {
			isa = XCConfigurationList;
			buildConfigurations = (
				BCB664FF2DA6C29000651AE4 /* Debug */,
				BCB665002DA6C29000651AE4 /* Release */,
			);
			defaultConfigurationIsVisible = 0;
			defaultConfigurationName = Release;
		};
		BCB665012DA6C29000651AE4 /* Build configuration list for PBXNativeTarget "stack_praticeUITests" */ = {
			isa = XCConfigurationList;
			buildConfigurations = (
				BCB665022DA6C29000651AE4 /* Debug */,
				BCB665032DA6C29000651AE4 /* Release */,
			);
			defaultConfigurationIsVisible = 0;
			defaultConfigurationName = Release;
		};
/* End XCConfigurationList section */
	};
	rootObject = BCB664CF2DA6C28F00651AE4 /* Project object */;
}
